
Microsoft Visual Studio Solution File, Format Version 12.00
# Visual Studio Version 17
VisualStudioVersion = 17.14.36511.14 d17.14
MinimumVisualStudioVersion = 10.0.40219.1
Project("{FAE04EC0-301F-11D3-BF4B-00C04F79EFBC}") = "TaskManager.Api", "TaskManager.Api\TaskManager.Api.csproj", "{C9F1B71E-1434-4733-9D53-FE6FD2EB271F}"
EndProject
Global
	GlobalSection(SolutionConfigurationPlatforms) = preSolution
		Debug|Any CPU = Debug|Any CPU
		Release|Any CPU = Release|Any CPU
	EndGlobalSection
	GlobalSection(ProjectConfigurationPlatforms) = postSolution
		{C9F1B71E-1434-4733-9D53-FE6FD2EB271F}.Debug|Any CPU.ActiveCfg = Debug|Any CPU
		{C9F1B71E-1434-4733-9D53-FE6FD2EB271F}.Debug|Any CPU.Build.0 = Debug|Any CPU
		{C9F1B71E-1434-4733-9D53-FE6FD2EB271F}.Release|Any CPU.ActiveCfg = Release|Any CPU
		{C9F1B71E-1434-4733-9D53-FE6FD2EB271F}.Release|Any CPU.Build.0 = Release|Any CPU
	EndGlobalSection
	GlobalSection(SolutionProperties) = preSolution
		HideSolutionNode = FALSE
	EndGlobalSection
	GlobalSection(ExtensibilityGlobals) = postSolution
		SolutionGuid = {3A7747D4-D9D3-4EE2-A430-5943E28C147E}
	EndGlobalSection
EndGlobal
